
Microsoft Visual Studio Solution File, Format Version 12.00
# Visual Studio Version 16
VisualStudioVersion = 16.0.29230.47
MinimumVisualStudioVersion = 10.0.40219.1
Project("{FAE04EC0-301F-11D3-BF4B-00C04F79EFBC}") = "DotNetCoreBenchmarkTest", "DotNetCoreBenchmarkTest\DotNetCoreBenchmarkTest.csproj", "{12839630-7909-47B8-8C1A-4F2798E2AEE8}"
EndProject
Global
	GlobalSection(SolutionConfigurationPlatforms) = preSolution
		Debug|Any CPU = Debug|Any CPU
		Release|Any CPU = Release|Any CPU
	EndGlobalSection
	GlobalSection(ProjectConfigurationPlatforms) = postSolution
		{12839630-7909-47B8-8C1A-4F2798E2AEE8}.Debug|Any CPU.ActiveCfg = Debug|Any CPU
		{12839630-7909-47B8-8C1A-4F2798E2AEE8}.Debug|Any CPU.Build.0 = Debug|Any CPU
		{12839630-7909-47B8-8C1A-4F2798E2AEE8}.Release|Any CPU.ActiveCfg = Release|Any CPU
		{12839630-7909-47B8-8C1A-4F2798E2AEE8}.Release|Any CPU.Build.0 = Release|Any CPU
	EndGlobalSection
	GlobalSection(SolutionProperties) = preSolution
		HideSolutionNode = FALSE
	EndGlobalSection
	GlobalSection(ExtensibilityGlobals) = postSolution
		SolutionGuid = {846F2572-AD6A-45F2-82AA-68ED8688C4E3}
	EndGlobalSection
EndGlobal
